{
  "name": "QrCode",
  "lockfileVersion": 2,
  "requires": true,
  "packages": {
    "": {
      "dependencies": {
        "jquery": "^3.6.3",
        "jquery.qrcode": "^1.0.3"
      }
    },
    "node_modules/jquery": {
      "version": "3.6.3",
      "resolved": "https://registry.npmjs.org/jquery/-/jquery-3.6.3.tgz",
      "integrity": "sha512-bZ5Sy3YzKo9Fyc8wH2iIQK4JImJ6R0GWI9kL1/k7Z91ZBNgkRXE6U0JfHIizZbort8ZunhSI3jw9I6253ahKfg=="
    },
    "node_modules/jquery.qrcode": {
      "version": "1.0.3",
      "resolved": "https://registry.npmjs.org/jquery.qrcode/-/jquery.qrcode-1.0.3.tgz",
      "integrity": "sha512-NGA2IYGIgmAlE3RXk2RPRR2Pj7glBX2oQBhY5L/IH9Pb6ui2GcVqZ4XVQsDX6QoKA1jtyKpoInKmW6Ccg9C/Xw=="
    }
  },
  "dependencies": {
    "jquery": {
      "version": "3.6.3",
      "resolved": "https://registry.npmjs.org/jquery/-/jquery-3.6.3.tgz",
      "integrity": "sha512-bZ5Sy3YzKo9Fyc8wH2iIQK4JImJ6R0GWI9kL1/k7Z91ZBNgkRXE6U0JfHIizZbort8ZunhSI3jw9I6253ahKfg=="
    },
    "jquery.qrcode": {
      "version": "1.0.3",
      "resolved": "https://registry.npmjs.org/jquery.qrcode/-/jquery.qrcode-1.0.3.tgz",
      "integrity": "sha512-NGA2IYGIgmAlE3RXk2RPRR2Pj7glBX2oQBhY5L/IH9Pb6ui2GcVqZ4XVQsDX6QoKA1jtyKpoInKmW6Ccg9C/Xw=="
    }
  }
}
